PODS:
  - KeychainAccess (3.1.1)
  - SessionTools (1.0.1):
    - SessionTools/Base (= 1.0.1)
    - SessionTools/KeychainStorage (= 1.0.1)
  - SessionTools/Base (1.0.1)
  - SessionTools/KeychainStorage (1.0.1):
    - KeychainAccess

DEPENDENCIES:
  - SessionTools (from `../`)

SPEC REPOS:
  https://github.com/cocoapods/specs.git:
    - KeychainAccess

EXTERNAL SOURCES:
  SessionTools:
    :path: "../"

SPEC CHECKSUMS:
  KeychainAccess: 7bd430028059754a3debab3cfc0bd1fc7fb85df3
  SessionTools: 711748c27218d7957216ea4df4bd7239b9f19522

PODFILE CHECKSUM: 92b72696fda1130a33b542328931167644f378d5

COCOAPODS: 1.5.3
