PODS:
  - KeychainAccess (3.1.0)
  - SessionTools (1.0.0):
    - SessionTools/Base (= 1.0.0)
    - SessionTools/KeychainStorage (= 1.0.0)
  - SessionTools/Base (1.0.0)
  - SessionTools/KeychainStorage (1.0.0):
    - KeychainAccess

DEPENDENCIES:
  - SessionTools (from `../`)

SPEC REPOS:
  https://github.com/cocoapods/specs.git:
    - KeychainAccess

EXTERNAL SOURCES:
  SessionTools:
    :path: "../"

SPEC CHECKSUMS:
  KeychainAccess: 94c5540b32eabf7bc32bfb976a268e8ea05fd6da
  SessionTools: 2fb3504085d72ae65610e1bc579ee904fc5c4069

PODFILE CHECKSUM: 92b72696fda1130a33b542328931167644f378d5

COCOAPODS: 1.5.3
